{
  "name": "apim-script-extractor",
  "lockfileVersion": 3,
  "requires": true,
  "packages": {
    "": {
      "dependencies": {
        "run-func": "^3.0.0"
      },
      "devDependencies": {
        "@types/node": "^18.15.5"
      }
    },
    "node_modules/@types/node": {
      "version": "18.15.10",
      "resolved": "https://registry.npmjs.org/@types/node/-/node-18.15.10.tgz",
      "integrity": "sha512-9avDaQJczATcXgfmMAW3MIWArOO7A+m90vuCFLr8AotWf8igO/mRoYukrk2cqZVtv38tHs33retzHEilM7FpeQ==",
      "dev": true
    },
    "node_modules/run-func": {
      "version": "3.0.0",
      "resolved": "https://registry.npmjs.org/run-func/-/run-func-3.0.0.tgz",
      "integrity": "sha512-RZwVzBrD7biV5CiAgwEUdaRGt0hLjBrhn4PqemBuNogH9Sc/8Bv8p+6F6AweU5bxZXsb3Mxltgu+/f+TGi0udA==",
      "bin": {
        "run-func": "index.js",
        "run-func-mem": "mem.js"
      },
      "engines": {
        "node": ">=10.0.0",
        "npm": ">=6.0.0"
      }
    }
  }
}
